
Microsoft Visual Studio Solution File, Format Version 12.00
# Visual Studio Version 16
VisualStudioVersion = 16.0.32413.511
MinimumVisualStudioVersion = 10.0.40219.1
Project("{8BC9CEB8-8B4A-11D0-8D11-00A0C91BC942}") = "baekjoon-1005-acmcraft", "baekjoon-1005-acmcraft\baekjoon-1005-acmcraft.vcxproj", "{86A84A73-82EC-4821-903A-166302EC2CC4}"
EndProject
Global
	GlobalSection(SolutionConfigurationPlatforms) = preSolution
		Debug|x64 = Debug|x64
		Debug|x86 = Debug|x86
		Release|x64 = Release|x64
		Release|x86 = Release|x86
	EndGlobalSection
	GlobalSection(ProjectConfigurationPlatforms) = postSolution
		{86A84A73-82EC-4821-903A-166302EC2CC4}.Debug|x64.ActiveCfg = Debug|x64
		{86A84A73-82EC-4821-903A-166302EC2CC4}.Debug|x64.Build.0 = Debug|x64
		{86A84A73-82EC-4821-903A-166302EC2CC4}.Debug|x86.ActiveCfg = Debug|Win32
		{86A84A73-82EC-4821-903A-166302EC2CC4}.Debug|x86.Build.0 = Debug|Win32
		{86A84A73-82EC-4821-903A-166302EC2CC4}.Release|x64.ActiveCfg = Release|x64
		{86A84A73-82EC-4821-903A-166302EC2CC4}.Release|x64.Build.0 = Release|x64
		{86A84A73-82EC-4821-903A-166302EC2CC4}.Release|x86.ActiveCfg = Release|Win32
		{86A84A73-82EC-4821-903A-166302EC2CC4}.Release|x86.Build.0 = Release|Win32
	EndGlobalSection
	GlobalSection(SolutionProperties) = preSolution
		HideSolutionNode = FALSE
	EndGlobalSection
	GlobalSection(ExtensibilityGlobals) = postSolution
		SolutionGuid = {8E55CA2E-92CE-4E29-8233-D7EE528B027E}
	EndGlobalSection
EndGlobal
