
Microsoft Visual Studio Solution File, Format Version 12.00
# Visual Studio Version 16
VisualStudioVersion = 16.0.32413.511
MinimumVisualStudioVersion = 10.0.40219.1
Project("{8BC9CEB8-8B4A-11D0-8D11-00A0C91BC942}") = "baekjoon-1003-fibonacci", "baekjoon-1003-fibonacci\baekjoon-1003-fibonacci.vcxproj", "{45A6A623-737B-4FC9-9ADF-DC392C9C798D}"
EndProject
Global
	GlobalSection(SolutionConfigurationPlatforms) = preSolution
		Debug|x64 = Debug|x64
		Debug|x86 = Debug|x86
		Release|x64 = Release|x64
		Release|x86 = Release|x86
	EndGlobalSection
	GlobalSection(ProjectConfigurationPlatforms) = postSolution
		{45A6A623-737B-4FC9-9ADF-DC392C9C798D}.Debug|x64.ActiveCfg = Debug|x64
		{45A6A623-737B-4FC9-9ADF-DC392C9C798D}.Debug|x64.Build.0 = Debug|x64
		{45A6A623-737B-4FC9-9ADF-DC392C9C798D}.Debug|x86.ActiveCfg = Debug|Win32
		{45A6A623-737B-4FC9-9ADF-DC392C9C798D}.Debug|x86.Build.0 = Debug|Win32
		{45A6A623-737B-4FC9-9ADF-DC392C9C798D}.Release|x64.ActiveCfg = Release|x64
		{45A6A623-737B-4FC9-9ADF-DC392C9C798D}.Release|x64.Build.0 = Release|x64
		{45A6A623-737B-4FC9-9ADF-DC392C9C798D}.Release|x86.ActiveCfg = Release|Win32
		{45A6A623-737B-4FC9-9ADF-DC392C9C798D}.Release|x86.Build.0 = Release|Win32
	EndGlobalSection
	GlobalSection(SolutionProperties) = preSolution
		HideSolutionNode = FALSE
	EndGlobalSection
	GlobalSection(ExtensibilityGlobals) = postSolution
		SolutionGuid = {4486F34A-8DB3-416E-8356-2924C0CFBAC0}
	EndGlobalSection
EndGlobal
